// !$*UTF8*$!
{
	archiveVersion = 1;
	classes = {
	};
	objectVersion = 56;
	objects = {

/* Begin PBXBuildFile section */
		2700B4C02865758A00728579 /* Pc_ControllerApp.swift in Sources */ = {isa = PBXBuildFile; fileRef = 2700B4BF2865758A00728579 /* Pc_ControllerApp.swift */; };
		2700B4C22865758A00728579 /* ContentView.swift in Sources */ = {isa = PBXBuildFile; fileRef = 2700B4C12865758A00728579 /* ContentView.swift */; };
		2700B4C42865758F00728579 /* Assets.xcassets in Resources */ = {isa = PBXBuildFile; fileRef = 2700B4C32865758F00728579 /* Assets.xcassets */; };
		2700B4C82865759000728579 /* Preview Assets.xcassets in Resources */ = {isa = PBXBuildFile; fileRef = 2700B4C72865759000728579 /* Preview Assets.xcassets */; };
		2700B4D22865759000728579 /* Pc_ControllerTests.swift in Sources */ = {isa = PBXBuildFile; fileRef = 2700B4D12865759000728579 /* Pc_ControllerTests.swift */; };
		2700B4DC2865759000728579 /* Pc_ControllerUITests.swift in Sources */ = {isa = PBXBuildFile; fileRef = 2700B4DB2865759000728579 /* Pc_ControllerUITests.swift */; };
		2700B4DE2865759000728579 /* Pc_ControllerUITestsLaunchTests.swift in Sources */ = {isa = PBXBuildFile; fileRef = 2700B4DD2865759000728579 /* Pc_ControllerUITestsLaunchTests.swift */; };
/* End PBXBuildFile section */

/* Begin PBXContainerItemProxy section */
		2700B4CE2865759000728579 /* PBXContainerItemProxy */ = {
			isa = PBXContainerItemProxy;
			containerPortal = 2700B4B42865758A00728579 /* Project object */;
			proxyType = 1;
			remoteGlobalIDString = 2700B4BB2865758A00728579;
			remoteInfo = Pc_Controller;
		};
		2700B4D82865759000728579 /* PBXContainerItemProxy */ = {
			isa = PBXContainerItemProxy;
			containerPortal = 2700B4B42865758A00728579 /* Project object */;
			proxyType = 1;
			remoteGlobalIDString = 2700B4BB2865758A00728579;
			remoteInfo = Pc_Controller;
		};
/* End PBXContainerItemProxy section */

/* Begin PBXFileReference section */
		2700B4BC2865758A00728579 /* Pc_Controller.app */ = {isa = PBXFileReference; explicitFileType = wrapper.application; includeInIndex = 0; path = Pc_Controller.app; sourceTree = BUILT_PRODUCTS_DIR; };
		2700B4BF2865758A00728579 /* Pc_ControllerApp.swift */ = {isa = PBXFileReference; lastKnownFileType = sourcecode.swift; path = Pc_ControllerApp.swift; sourceTree = "<group>"; };
		2700B4C12865758A00728579 /* ContentView.swift */ = {isa = PBXFileReference; lastKnownFileType = sourcecode.swift; path = ContentView.swift; sourceTree = "<group>"; };
		2700B4C32865758F00728579 /* Assets.xcassets */ = {isa = PBXFileReference; lastKnownFileType = folder.assetcatalog; path = Assets.xcassets; sourceTree = "<group>"; };
		2700B4C52865758F00728579 /* Pc_Controller.entitlements */ = {isa = PBXFileReference; lastKnownFileType = text.plist.entitlements; path = Pc_Controller.entitlements; sourceTree = "<group>"; };
		2700B4C72865759000728579 /* Preview Assets.xcassets */ = {isa = PBXFileReference; lastKnownFileType = folder.assetcatalog; path = "Preview Assets.xcassets"; sourceTree = "<group>"; };
		2700B4CD2865759000728579 /* Pc_ControllerTests.xctest */ = {isa = PBXFileReference; explicitFileType = wrapper.cfbundle; includeInIndex = 0; path = Pc_ControllerTests.xctest; sourceTree = BUILT_PRODUCTS_DIR; };
		2700B4D12865759000728579 /* Pc_ControllerTests.swift */ = {isa = PBXFileReference; lastKnownFileType = sourcecode.swift; path = Pc_ControllerTests.swift; sourceTree = "<group>"; };
		2700B4D72865759000728579 /* Pc_ControllerUITests.xctest */ = {isa = PBXFileReference; explicitFileType = wrapper.cfbundle; includeInIndex = 0; path = Pc_ControllerUITests.xctest; sourceTree = BUILT_PRODUCTS_DIR; };
		2700B4DB2865759000728579 /* Pc_ControllerUITests.swift */ = {isa = PBXFileReference; lastKnownFileType = sourcecode.swift; path = Pc_ControllerUITests.swift; sourceTree = "<group>"; };
		2700B4DD2865759000728579 /* Pc_ControllerUITestsLaunchTests.swift */ = {isa = PBXFileReference; lastKnownFileType = sourcecode.swift; path = Pc_ControllerUITestsLaunchTests.swift; sourceTree = "<group>"; };
/* End PBXFileReference section */

/* Begin PBXFrameworksBuildPhase section */
		2700B4B92865758A00728579 /* Frameworks */ = {
			isa = PBXFrameworksBuildPhase;
			buildActionMask = 2147483647;
			files = (
			);
			runOnlyForDeploymentPostprocessing = 0;
		};
		2700B4CA2865759000728579 /* Frameworks */ = {
			isa = PBXFrameworksBuildPhase;
			buildActionMask = 2147483647;
			files = (
			);
			runOnlyForDeploymentPostprocessing = 0;
		};
		2700B4D42865759000728579 /* Frameworks */ = {
			isa = PBXFrameworksBuildPhase;
			buildActionMask = 2147483647;
			files = (
			);
			runOnlyForDeploymentPostprocessing = 0;
		};
/* End PBXFrameworksBuildPhase section */

/* Begin PBXGroup section */
		2700B4B32865758A00728579 = {
			isa = PBXGroup;
			children = (
				2700B4BE2865758A00728579 /* Pc_Controller */,
				2700B4D02865759000728579 /* Pc_ControllerTests */,
				2700B4DA2865759000728579 /* Pc_ControllerUITests */,
				2700B4BD2865758A00728579 /* Products */,
			);
			sourceTree = "<group>";
		};
		2700B4BD2865758A00728579 /* Products */ = {
			isa = PBXGroup;
			children = (
				2700B4BC2865758A00728579 /* Pc_Controller.app */,
				2700B4CD2865759000728579 /* Pc_ControllerTests.xctest */,
				2700B4D72865759000728579 /* Pc_ControllerUITests.xctest */,
			);
			name = Products;
			sourceTree = "<group>";
		};
		2700B4BE2865758A00728579 /* Pc_Controller */ = {
			isa = PBXGroup;
			children = (
				2700B4BF2865758A00728579 /* Pc_ControllerApp.swift */,
				2700B4C12865758A00728579 /* ContentView.swift */,
				2700B4C32865758F00728579 /* Assets.xcassets */,
				2700B4C52865758F00728579 /* Pc_Controller.entitlements */,
				2700B4C62865759000728579 /* Preview Content */,
			);
			path = Pc_Controller;
			sourceTree = "<group>";
		};
		2700B4C62865759000728579 /* Preview Content */ = {
			isa = PBXGroup;
			children = (
				2700B4C72865759000728579 /* Preview Assets.xcassets */,
			);
			path = "Preview Content";
			sourceTree = "<group>";
		};
		2700B4D02865759000728579 /* Pc_ControllerTests */ = {
			isa = PBXGroup;
			children = (
				2700B4D12865759000728579 /* Pc_ControllerTests.swift */,
			);
			path = Pc_ControllerTests;
			sourceTree = "<group>";
		};
		2700B4DA2865759000728579 /* Pc_ControllerUITests */ = {
			isa = PBXGroup;
			children = (
				2700B4DB2865759000728579 /* Pc_ControllerUITests.swift */,
				2700B4DD2865759000728579 /* Pc_ControllerUITestsLaunchTests.swift */,
			);
			path = Pc_ControllerUITests;
			sourceTree = "<group>";
		};
/* End PBXGroup section */

/* Begin PBXNativeTarget section */
		2700B4BB2865758A00728579 /* Pc_Controller */ = {
			isa = PBXNativeTarget;
			buildConfigurationList = 2700B4E12865759000728579 /* Build configuration list for PBXNativeTarget "Pc_Controller" */;
			buildPhases = (
				2700B4B82865758A00728579 /* Sources */,
				2700B4B92865758A00728579 /* Frameworks */,
				2700B4BA2865758A00728579 /* Resources */,
			);
			buildRules = (
			);
			dependencies = (
			);
			name = Pc_Controller;
			productName = Pc_Controller;
			productReference = 2700B4BC2865758A00728579 /* Pc_Controller.app */;
			productType = "com.apple.product-type.application";
		};
		2700B4CC2865759000728579 /* Pc_ControllerTests */ = {
			isa = PBXNativeTarget;
			buildConfigurationList = 2700B4E42865759000728579 /* Build configuration list for PBXNativeTarget "Pc_ControllerTests" */;
			buildPhases = (
				2700B4C92865759000728579 /* Sources */,
				2700B4CA2865759000728579 /* Frameworks */,
				2700B4CB2865759000728579 /* Resources */,
			);
			buildRules = (
			);
			dependencies = (
				2700B4CF2865759000728579 /* PBXTargetDependency */,
			);
			name = Pc_ControllerTests;
			productName = Pc_ControllerTests;
			productReference = 2700B4CD2865759000728579 /* Pc_ControllerTests.xctest */;
			productType = "com.apple.product-type.bundle.unit-test";
		};
		2700B4D62865759000728579 /* Pc_ControllerUITests */ = {
			isa = PBXNativeTarget;
			buildConfigurationList = 2700B4E72865759000728579 /* Build configuration list for PBXNativeTarget "Pc_ControllerUITests" */;
			buildPhases = (
				2700B4D32865759000728579 /* Sources */,
				2700B4D42865759000728579 /* Frameworks */,
				2700B4D52865759000728579 /* Resources */,
			);
			buildRules = (
			);
			dependencies = (
				2700B4D92865759000728579 /* PBXTargetDependency */,
			);
			name = Pc_ControllerUITests;
			productName = Pc_ControllerUITests;
			productReference = 2700B4D72865759000728579 /* Pc_ControllerUITests.xctest */;
			productType = "com.apple.product-type.bundle.ui-testing";
		};
/* End PBXNativeTarget section */

/* Begin PBXProject section */
		2700B4B42865758A00728579 /* Project object */ = {
			isa = PBXProject;
			attributes = {
				BuildIndependentTargetsInParallel = 1;
				LastSwiftUpdateCheck = 1400;
				LastUpgradeCheck = 1400;
				TargetAttributes = {
					2700B4BB2865758A00728579 = {
						CreatedOnToolsVersion = 14.0;
					};
					2700B4CC2865759000728579 = {
						CreatedOnToolsVersion = 14.0;
						TestTargetID = 2700B4BB2865758A00728579;
					};
					2700B4D62865759000728579 = {
						CreatedOnToolsVersion = 14.0;
						TestTargetID = 2700B4BB2865758A00728579;
					};
				};
			};
			buildConfigurationList = 2700B4B72865758A00728579 /* Build configuration list for PBXProject "Pc_Controller" */;
			compatibilityVersion = "Xcode 14.0";
			developmentRegion = en;
			hasScannedForEncodings = 0;
			knownRegions = (
				en,
				Base,
			);
			mainGroup = 2700B4B32865758A00728579;
			productRefGroup = 2700B4BD2865758A00728579 /* Products */;
			projectDirPath = "";
			projectRoot = "";
			targets = (
				2700B4BB2865758A00728579 /* Pc_Controller */,
				2700B4CC2865759000728579 /* Pc_ControllerTests */,
				2700B4D62865759000728579 /* Pc_ControllerUITests */,
			);
		};
/* End PBXProject section */

/* Begin PBXResourcesBuildPhase section */
		2700B4BA2865758A00728579 /* Resources */ = {
			isa = PBXResourcesBuildPhase;
			buildActionMask = 2147483647;
			files = (
				2700B4C82865759000728579 /* Preview Assets.xcassets in Resources */,
				2700B4C42865758F00728579 /* Assets.xcassets in Resources */,
			);
			runOnlyForDeploymentPostprocessing = 0;
		};
		2700B4CB2865759000728579 /* Resources */ = {
			isa = PBXResourcesBuildPhase;
			buildActionMask = 2147483647;
			files = (
			);
			runOnlyForDeploymentPostprocessing = 0;
		};
		2700B4D52865759000728579 /* Resources */ = {
			isa = PBXResourcesBuildPhase;
			buildActionMask = 2147483647;
			files = (
			);
			runOnlyForDeploymentPostprocessing = 0;
		};
/* End PBXResourcesBuildPhase section */

/* Begin PBXSourcesBuildPhase section */
		2700B4B82865758A00728579 /* Sources */ = {
			isa = PBXSourcesBuildPhase;
			buildActionMask = 2147483647;
			files = (
				2700B4C22865758A00728579 /* ContentView.swift in Sources */,
				2700B4C02865758A00728579 /* Pc_ControllerApp.swift in Sources */,
			);
			runOnlyForDeploymentPostprocessing = 0;
		};
		2700B4C92865759000728579 /* Sources */ = {
			isa = PBXSourcesBuildPhase;
			buildActionMask = 2147483647;
			files = (
				2700B4D22865759000728579 /* Pc_ControllerTests.swift in Sources */,
			);
			runOnlyForDeploymentPostprocessing = 0;
		};
		2700B4D32865759000728579 /* Sources */ = {
			isa = PBXSourcesBuildPhase;
			buildActionMask = 2147483647;
			files = (
				2700B4DC2865759000728579 /* Pc_ControllerUITests.swift in Sources */,
				2700B4DE2865759000728579 /* Pc_ControllerUITestsLaunchTests.swift in Sources */,
			);
			runOnlyForDeploymentPostprocessing = 0;
		};
/* End PBXSourcesBuildPhase section */

/* Begin PBXTargetDependency section */
		2700B4CF2865759000728579 /* PBXTargetDependency */ = {
			isa = PBXTargetDependency;
			target = 2700B4BB2865758A00728579 /* Pc_Controller */;
			targetProxy = 2700B4CE2865759000728579 /* PBXContainerItemProxy */;
		};
		2700B4D92865759000728579 /* PBXTargetDependency */ = {
			isa = PBXTargetDependency;
			target = 2700B4BB2865758A00728579 /* Pc_Controller */;
			targetProxy = 2700B4D82865759000728579 /* PBXContainerItemProxy */;
		};
/* End PBXTargetDependency section */

/* Begin XCBuildConfiguration section */
		2700B4DF2865759000728579 /* Debug */ = {
			isa = XCBuildConfiguration;
			buildSettings = {
				ALWAYS_SEARCH_USER_PATHS = NO;
				CLANG_ANALYZER_NONNULL = YES;
				CLANG_ANALYZER_NUMBER_OBJECT_CONVERSION = YES_AGGRESSIVE;
				CLANG_CXX_LANGUAGE_STANDARD = "gnu++17";
				CLANG_ENABLE_MODULES = YES;
				CLANG_ENABLE_OBJC_ARC = YES;
				CLANG_ENABLE_OBJC_WEAK = YES;
				CLANG_WARN_BLOCK_CAPTURE_AUTORELEASING = YES;
				CLANG_WARN_BOOL_CONVERSION = YES;
				CLANG_WARN_COMMA = YES;
				CLANG_WARN_CONSTANT_CONVERSION = YES;
				CLANG_WARN_DEPRECATED_OBJC_IMPLEMENTATIONS = YES;
				CLANG_WARN_DIRECT_OBJC_ISA_USAGE = YES_ERROR;
				CLANG_WARN_DOCUMENTATION_COMMENTS = YES;
				CLANG_WARN_EMPTY_BODY = YES;
				CLANG_WARN_ENUM_CONVERSION = YES;
				CLANG_WARN_INFINITE_RECURSION = YES;
				CLANG_WARN_INT_CONVERSION = YES;
				CLANG_WARN_NON_LITERAL_NULL_CONVERSION = YES;
				CLANG_WARN_OBJC_IMPLICIT_RETAIN_SELF = YES;
				CLANG_WARN_OBJC_LITERAL_CONVERSION = YES;
				CLANG_WARN_OBJC_ROOT_CLASS = YES_ERROR;
				CLANG_WARN_QUOTED_INCLUDE_IN_FRAMEWORK_HEADER = YES;
				CLANG_WARN_RANGE_LOOP_ANALYSIS = YES;
				CLANG_WARN_STRICT_PROTOTYPES = YES;
				CLANG_WARN_SUSPICIOUS_MOVE = YES;
				CLANG_WARN_UNGUARDED_AVAILABILITY = YES_AGGRESSIVE;
				CLANG_WARN_UNREACHABLE_CODE = YES;
				CLANG_WARN__DUPLICATE_METHOD_MATCH = YES;
				COPY_PHASE_STRIP = NO;
				DEBUG_INFORMATION_FORMAT = dwarf;
				ENABLE_STRICT_OBJC_MSGSEND = YES;
				ENABLE_TESTABILITY = YES;
				GCC_C_LANGUAGE_STANDARD = gnu11;
				GCC_DYNAMIC_NO_PIC = NO;
				GCC_NO_COMMON_BLOCKS = YES;
				GCC_OPTIMIZATION_LEVEL = 0;
				GCC_PREPROCESSOR_DEFINITIONS = (
					"DEBUG=1",
					"$(inherited)",
				);
				GCC_WARN_64_TO_32_BIT_CONVERSION = YES;
				GCC_WARN_ABOUT_RETURN_TYPE = YES_ERROR;
				GCC_WARN_UNDECLARED_SELECTOR = YES;
				GCC_WARN_UNINITIALIZED_AUTOS = YES_AGGRESSIVE;
				GCC_WARN_UNUSED_FUNCTION = YES;
				GCC_WARN_UNUSED_VARIABLE = YES;
				MTL_ENABLE_DEBUG_INFO = INCLUDE_SOURCE;
				MTL_FAST_MATH = YES;
				ONLY_ACTIVE_ARCH = YES;
				SWIFT_ACTIVE_COMPILATION_CONDITIONS = DEBUG;
				SWIFT_OPTIMIZATION_LEVEL = "-Onone";
			};
			name = Debug;
		};
		2700B4E02865759000728579 /* Release */ = {
			isa = XCBuildConfiguration;
			buildSettings = {
				ALWAYS_SEARCH_USER_PATHS = NO;
				CLANG_ANALYZER_NONNULL = YES;
				CLANG_ANALYZER_NUMBER_OBJECT_CONVERSION = YES_AGGRESSIVE;
				CLANG_CXX_LANGUAGE_STANDARD = "gnu++17";
				CLANG_ENABLE_MODULES = YES;
				CLANG_ENABLE_OBJC_ARC = YES;
				CLANG_ENABLE_OBJC_WEAK = YES;
				CLANG_WARN_BLOCK_CAPTURE_AUTORELEASING = YES;
				CLANG_WARN_BOOL_CONVERSION = YES;
				CLANG_WARN_COMMA = YES;
				CLANG_WARN_CONSTANT_CONVERSION = YES;
				CLANG_WARN_DEPRECATED_OBJC_IMPLEMENTATIONS = YES;
				CLANG_WARN_DIRECT_OBJC_ISA_USAGE = YES_ERROR;
				CLANG_WARN_DOCUMENTATION_COMMENTS = YES;
				CLANG_WARN_EMPTY_BODY = YES;
				CLANG_WARN_ENUM_CONVERSION = YES;
				CLANG_WARN_INFINITE_RECURSION = YES;
				CLANG_WARN_INT_CONVERSION = YES;
				CLANG_WARN_NON_LITERAL_NULL_CONVERSION = YES;
				CLANG_WARN_OBJC_IMPLICIT_RETAIN_SELF = YES;
				CLANG_WARN_OBJC_LITERAL_CONVERSION = YES;
				CLANG_WARN_OBJC_ROOT_CLASS = YES_ERROR;
				CLANG_WARN_QUOTED_INCLUDE_IN_FRAMEWORK_HEADER = YES;
				CLANG_WARN_RANGE_LOOP_ANALYSIS = YES;
				CLANG_WARN_STRICT_PROTOTYPES = YES;
				CLANG_WARN_SUSPICIOUS_MOVE = YES;
				CLANG_WARN_UNGUARDED_AVAILABILITY = YES_AGGRESSIVE;
				CLANG_WARN_UNREACHABLE_CODE = YES;
				CLANG_WARN__DUPLICATE_METHOD_MATCH = YES;
				COPY_PHASE_STRIP = NO;
				DEBUG_INFORMATION_FORMAT = "dwarf-with-dsym";
				ENABLE_NS_ASSERTIONS = NO;
				ENABLE_STRICT_OBJC_MSGSEND = YES;
				GCC_C_LANGUAGE_STANDARD = gnu11;
				GCC_NO_COMMON_BLOCKS = YES;
				GCC_WARN_64_TO_32_BIT_CONVERSION = YES;
				GCC_WARN_ABOUT_RETURN_TYPE = YES_ERROR;
				GCC_WARN_UNDECLARED_SELECTOR = YES;
				GCC_WARN_UNINITIALIZED_AUTOS = YES_AGGRESSIVE;
				GCC_WARN_UNUSED_FUNCTION = YES;
				GCC_WARN_UNUSED_VARIABLE = YES;
				MTL_ENABLE_DEBUG_INFO = NO;
				MTL_FAST_MATH = YES;
				SWIFT_COMPILATION_MODE = wholemodule;
				SWIFT_OPTIMIZATION_LEVEL = "-O";
			};
			name = Release;
		};
		2700B4E22865759000728579 /* Debug */ = {
			isa = XCBuildConfiguration;
			buildSettings = {
				ASSETCATALOG_COMPILER_APPICON_NAME = AppIcon;
				ASSETCATALOG_COMPILER_GLOBAL_ACCENT_COLOR_NAME = AccentColor;
				CODE_SIGN_ENTITLEMENTS = Pc_Controller/Pc_Controller.entitlements;
				CODE_SIGN_STYLE = Automatic;
				CURRENT_PROJECT_VERSION = 1;
				DEVELOPMENT_ASSET_PATHS = "\"Pc_Controller/Preview Content\"";
				ENABLE_PREVIEWS = YES;
				GENERATE_INFOPLIST_FILE = YES;
				"INFOPLIST_KEY_UILaunchScreen_Generation[sdk=iphoneos*]" = YES;
				"INFOPLIST_KEY_UILaunchScreen_Generation[sdk=iphonesimulator*]" = YES;
				INFOPLIST_KEY_UISupportedInterfaceOrientations_iPad = "UIInterfaceOrientationPortrait UIInterfaceOrientationPortraitUpsideDown UIInterfaceOrientationLandscapeLeft UIInterfaceOrientationLandscapeRight";
				INFOPLIST_KEY_UISupportedInterfaceOrientations_iPhone = "UIInterfaceOrientationPortrait UIInterfaceOrientationLandscapeLeft UIInterfaceOrientationLandscapeRight";
				IPHONEOS_DEPLOYMENT_TARGET = 16.0;
				LD_RUNPATH_SEARCH_PATHS = "@executable_path/Frameworks";
				"LD_RUNPATH_SEARCH_PATHS[sdk=macosx*]" = "@executable_path/../Frameworks";
				MACOSX_DEPLOYMENT_TARGET = 13.0;
				MARKETING_VERSION = 1.0;
				PRODUCT_BUNDLE_IDENTIFIER = "asuka.Pc-Controller";
				PRODUCT_NAME = "$(TARGET_NAME)";
				SDKROOT = auto;
				SUPPORTED_PLATFORMS = "iphoneos iphonesimulator macosx";
				SWIFT_EMIT_LOC_STRINGS = YES;
				SWIFT_VERSION = 5.0;
				TARGETED_DEVICE_FAMILY = "1,2";
			};
			name = Debug;
		};
		2700B4E32865759000728579 /* Release */ = {
			isa = XCBuildConfiguration;
			buildSettings = {
				ASSETCATALOG_COMPILER_APPICON_NAME = AppIcon;
				ASSETCATALOG_COMPILER_GLOBAL_ACCENT_COLOR_NAME = AccentColor;
				CODE_SIGN_ENTITLEMENTS = Pc_Controller/Pc_Controller.entitlements;
				CODE_SIGN_STYLE = Automatic;
				CURRENT_PROJECT_VERSION = 1;
				DEVELOPMENT_ASSET_PATHS = "\"Pc_Controller/Preview Content\"";
				ENABLE_PREVIEWS = YES;
				GENERATE_INFOPLIST_FILE = YES;
				"INFOPLIST_KEY_UILaunchScreen_Generation[sdk=iphoneos*]" = YES;
				"INFOPLIST_KEY_UILaunchScreen_Generation[sdk=iphonesimulator*]" = YES;
				INFOPLIST_KEY_UISupportedInterfaceOrientations_iPad = "UIInterfaceOrientationPortrait UIInterfaceOrientationPortraitUpsideDown UIInterfaceOrientationLandscapeLeft UIInterfaceOrientationLandscapeRight";
				INFOPLIST_KEY_UISupportedInterfaceOrientations_iPhone = "UIInterfaceOrientationPortrait UIInterfaceOrientationLandscapeLeft UIInterfaceOrientationLandscapeRight";
				IPHONEOS_DEPLOYMENT_TARGET = 16.0;
				LD_RUNPATH_SEARCH_PATHS = "@executable_path/Frameworks";
				"LD_RUNPATH_SEARCH_PATHS[sdk=macosx*]" = "@executable_path/../Frameworks";
				MACOSX_DEPLOYMENT_TARGET = 13.0;
				MARKETING_VERSION = 1.0;
				PRODUCT_BUNDLE_IDENTIFIER = "asuka.Pc-Controller";
				PRODUCT_NAME = "$(TARGET_NAME)";
				SDKROOT = auto;
				SUPPORTED_PLATFORMS = "iphoneos iphonesimulator macosx";
				SWIFT_EMIT_LOC_STRINGS = YES;
				SWIFT_VERSION = 5.0;
				TARGETED_DEVICE_FAMILY = "1,2";
			};
			name = Release;
		};
		2700B4E52865759000728579 /* Debug */ = {
			isa = XCBuildConfiguration;
			buildSettings = {
				ALWAYS_EMBED_SWIFT_STANDARD_LIBRARIES = YES;
				BUNDLE_LOADER = "$(TEST_HOST)";
				CODE_SIGN_STYLE = Automatic;
				CURRENT_PROJECT_VERSION = 1;
				GENERATE_INFOPLIST_FILE = YES;
				IPHONEOS_DEPLOYMENT_TARGET = 16.0;
				MACOSX_DEPLOYMENT_TARGET = 13.0;
				MARKETING_VERSION = 1.0;
				PRODUCT_BUNDLE_IDENTIFIER = "asuka.Pc-ControllerTests";
				PRODUCT_NAME = "$(TARGET_NAME)";
				SDKROOT = auto;
				SUPPORTED_PLATFORMS = "iphoneos iphonesimulator macosx";
				SWIFT_EMIT_LOC_STRINGS = NO;
				SWIFT_VERSION = 5.0;
				TARGETED_DEVICE_FAMILY = "1,2";
				TEST_HOST = "$(BUILT_PRODUCTS_DIR)/Pc_Controller.app/$(BUNDLE_EXECUTABLE_FOLDER_PATH)/Pc_Controller";
			};
			name = Debug;
		};
		2700B4E62865759000728579 /* Release */ = {
			isa = XCBuildConfiguration;
			buildSettings = {
				ALWAYS_EMBED_SWIFT_STANDARD_LIBRARIES = YES;
				BUNDLE_LOADER = "$(TEST_HOST)";
				CODE_SIGN_STYLE = Automatic;
				CURRENT_PROJECT_VERSION = 1;
				GENERATE_INFOPLIST_FILE = YES;
				IPHONEOS_DEPLOYMENT_TARGET = 16.0;
				MACOSX_DEPLOYMENT_TARGET = 13.0;
				MARKETING_VERSION = 1.0;
				PRODUCT_BUNDLE_IDENTIFIER = "asuka.Pc-ControllerTests";
				PRODUCT_NAME = "$(TARGET_NAME)";
				SDKROOT = auto;
				SUPPORTED_PLATFORMS = "iphoneos iphonesimulator macosx";
				SWIFT_EMIT_LOC_STRINGS = NO;
				SWIFT_VERSION = 5.0;
				TARGETED_DEVICE_FAMILY = "1,2";
				TEST_HOST = "$(BUILT_PRODUCTS_DIR)/Pc_Controller.app/$(BUNDLE_EXECUTABLE_FOLDER_PATH)/Pc_Controller";
			};
			name = Release;
		};
		2700B4E82865759000728579 /* Debug */ = {
			isa = XCBuildConfiguration;
			buildSettings = {
				ALWAYS_EMBED_SWIFT_STANDARD_LIBRARIES = YES;
				CODE_SIGN_STYLE = Automatic;
				CURRENT_PROJECT_VERSION = 1;
				GENERATE_INFOPLIST_FILE = YES;
				IPHONEOS_DEPLOYMENT_TARGET = 16.0;
				MACOSX_DEPLOYMENT_TARGET = 13.0;
				MARKETING_VERSION = 1.0;
				PRODUCT_BUNDLE_IDENTIFIER = "asuka.Pc-ControllerUITests";
				PRODUCT_NAME = "$(TARGET_NAME)";
				SDKROOT = auto;
				SUPPORTED_PLATFORMS = "iphoneos iphonesimulator macosx";
				SWIFT_EMIT_LOC_STRINGS = NO;
				SWIFT_VERSION = 5.0;
				TARGETED_DEVICE_FAMILY = "1,2";
				TEST_TARGET_NAME = Pc_Controller;
			};
			name = Debug;
		};
		2700B4E92865759000728579 /* Release */ = {
			isa = XCBuildConfiguration;
			buildSettings = {
				ALWAYS_EMBED_SWIFT_STANDARD_LIBRARIES = YES;
				CODE_SIGN_STYLE = Automatic;
				CURRENT_PROJECT_VERSION = 1;
				GENERATE_INFOPLIST_FILE = YES;
				IPHONEOS_DEPLOYMENT_TARGET = 16.0;
				MACOSX_DEPLOYMENT_TARGET = 13.0;
				MARKETING_VERSION = 1.0;
				PRODUCT_BUNDLE_IDENTIFIER = "asuka.Pc-ControllerUITests";
				PRODUCT_NAME = "$(TARGET_NAME)";
				SDKROOT = auto;
				SUPPORTED_PLATFORMS = "iphoneos iphonesimulator macosx";
				SWIFT_EMIT_LOC_STRINGS = NO;
				SWIFT_VERSION = 5.0;
				TARGETED_DEVICE_FAMILY = "1,2";
				TEST_TARGET_NAME = Pc_Controller;
			};
			name = Release;
		};
/* End XCBuildConfiguration section */

/* Begin XCConfigurationList section */
		2700B4B72865758A00728579 /* Build configuration list for PBXProject "Pc_Controller" */ = {
			isa = XCConfigurationList;
			buildConfigurations = (
				2700B4DF2865759000728579 /* Debug */,
				2700B4E02865759000728579 /* Release */,
			);
			defaultConfigurationIsVisible = 0;
			defaultConfigurationName = Release;
		};
		2700B4E12865759000728579 /* Build configuration list for PBXNativeTarget "Pc_Controller" */ = {
			isa = XCConfigurationList;
			buildConfigurations = (
				2700B4E22865759000728579 /* Debug */,
				2700B4E32865759000728579 /* Release */,
			);
			defaultConfigurationIsVisible = 0;
			defaultConfigurationName = Release;
		};
		2700B4E42865759000728579 /* Build configuration list for PBXNativeTarget "Pc_ControllerTests" */ = {
			isa = XCConfigurationList;
			buildConfigurations = (
				2700B4E52865759000728579 /* Debug */,
				2700B4E62865759000728579 /* Release */,
			);
			defaultConfigurationIsVisible = 0;
			defaultConfigurationName = Release;
		};
		2700B4E72865759000728579 /* Build configuration list for PBXNativeTarget "Pc_ControllerUITests" */ = {
			isa = XCConfigurationList;
			buildConfigurations = (
				2700B4E82865759000728579 /* Debug */,
				2700B4E92865759000728579 /* Release */,
			);
			defaultConfigurationIsVisible = 0;
			defaultConfigurationName = Release;
		};
/* End XCConfigurationList section */
	};
	rootObject = 2700B4B42865758A00728579 /* Project object */;
}
